// !$*UTF8*$!
{
	archiveVersion = 1;
	classes = {
	};
	objectVersion = 46;
	objects = {

/* Begin PBXBuildFile section */
		4EE615A91B37173B00B762B3 /* AppDelegate.swift in Sources */ = {isa = PBXBuildFile; fileRef = 4EE615A81B37173B00B762B3 /* AppDelegate.swift */; };
		4EE615AB1B37173B00B762B3 /* ViewController.swift in Sources */ = {isa = PBXBuildFile; fileRef = 4EE615AA1B37173B00B762B3 /* ViewController.swift */; };
		4EE615AE1B37173B00B762B3 /* Main.storyboard in Resources */ = {isa = PBXBuildFile; fileRef = 4EE615AC1B37173B00B762B3 /* Main.storyboard */; };
		4EE615B01B37173B00B762B3 /* Images.xcassets in Resources */ = {isa = PBXBuildFile; fileRef = 4EE615AF1B37173B00B762B3 /* Images.xcassets */; };
		4EE615B31B37173B00B762B3 /* LaunchScreen.xib in Resources */ = {isa = PBXBuildFile; fileRef = 4EE615B11B37173B00B762B3 /* LaunchScreen.xib */; };
		4EE615BF1B37173B00B762B3 /* How_Many_FingersTests.swift in Sources */ = {isa = PBXBuildFile; fileRef = 4EE615BE1B37173B00B762B3 /* How_Many_FingersTests.swift */; };
/* End PBXBuildFile section */

/* Begin PBXContainerItemProxy section */
		4EE615B91B37173B00B762B3 /* PBXContainerItemProxy */ = {
			isa = PBXContainerItemProxy;
			containerPortal = 4EE6159B1B37173B00B762B3 /* Project object */;
			proxyType = 1;
			remoteGlobalIDString = 4EE615A21B37173B00B762B3;
			remoteInfo = "How Many Fingers";
		};
/* End PBXContainerItemProxy section */

/* Begin PBXFileReference section */
		4EE615A31B37173B00B762B3 /* How Many Fingers.app */ = {isa = PBXFileReference; explicitFileType = wrapper.application; includeInIndex = 0; path = "How Many Fingers.app"; sourceTree = BUILT_PRODUCTS_DIR; };
		4EE615A71B37173B00B762B3 /* Info.plist */ = {isa = PBXFileReference; lastKnownFileType = text.plist.xml; path = Info.plist; sourceTree = "<group>"; };
		4EE615A81B37173B00B762B3 /* AppDelegate.swift */ = {isa = PBXFileReference; lastKnownFileType = sourcecode.swift; path = AppDelegate.swift; sourceTree = "<group>"; };
		4EE615AA1B37173B00B762B3 /* ViewController.swift */ = {isa = PBXFileReference; lastKnownFileType = sourcecode.swift; path = ViewController.swift; sourceTree = "<group>"; };
		4EE615AD1B37173B00B762B3 /* Base */ = {isa = PBXFileReference; lastKnownFileType = file.storyboard; name = Base; path = Base.lproj/Main.storyboard; sourceTree = "<group>"; };
		4EE615AF1B37173B00B762B3 /* Images.xcassets */ = {isa = PBXFileReference; lastKnownFileType = folder.assetcatalog; path = Images.xcassets; sourceTree = "<group>"; };
		4EE615B21B37173B00B762B3 /* Base */ = {isa = PBXFileReference; lastKnownFileType = file.xib; name = Base; path = Base.lproj/LaunchScreen.xib; sourceTree = "<group>"; };
		4EE615B81B37173B00B762B3 /* How Many FingersTests.xctest */ = {isa = PBXFileReference; explicitFileType = wrapper.cfbundle; includeInIndex = 0; path = "How Many FingersTests.xctest"; sourceTree = BUILT_PRODUCTS_DIR; };
		4EE615BD1B37173B00B762B3 /* Info.plist */ = {isa = PBXFileReference; lastKnownFileType = text.plist.xml; path = Info.plist; sourceTree = "<group>"; };
		4EE615BE1B37173B00B762B3 /* How_Many_FingersTests.swift */ = {isa = PBXFileReference; lastKnownFileType = sourcecode.swift; path = How_Many_FingersTests.swift; sourceTree = "<group>"; };
/* End PBXFileReference section */

/* Begin PBXFrameworksBuildPhase section */
		4EE615A01B37173B00B762B3 /* Frameworks */ = {
			isa = PBXFrameworksBuildPhase;
			buildActionMask = 2147483647;
			files = (
			);
			runOnlyForDeploymentPostprocessing = 0;
		};
		4EE615B51B37173B00B762B3 /* Frameworks */ = {
			isa = PBXFrameworksBuildPhase;
			buildActionMask = 2147483647;
			files = (
			);
			runOnlyForDeploymentPostprocessing = 0;
		};
/* End PBXFrameworksBuildPhase section */

/* Begin PBXGroup section */
		4EE6159A1B37173B00B762B3 = {
			isa = PBXGroup;
			children = (
				4EE615A51B37173B00B762B3 /* How Many Fingers */,
				4EE615BB1B37173B00B762B3 /* How Many FingersTests */,
				4EE615A41B37173B00B762B3 /* Products */,
			);
			sourceTree = "<group>";
		};
		4EE615A41B37173B00B762B3 /* Products */ = {
			isa = PBXGroup;
			children = (
				4EE615A31B37173B00B762B3 /* How Many Fingers.app */,
				4EE615B81B37173B00B762B3 /* How Many FingersTests.xctest */,
			);
			name = Products;
			sourceTree = "<group>";
		};
		4EE615A51B37173B00B762B3 /* How Many Fingers */ = {
			isa = PBXGroup;
			children = (
				4EE615A81B37173B00B762B3 /* AppDelegate.swift */,
				4EE615AA1B37173B00B762B3 /* ViewController.swift */,
				4EE615AC1B37173B00B762B3 /* Main.storyboard */,
				4EE615AF1B37173B00B762B3 /* Images.xcassets */,
				4EE615B11B37173B00B762B3 /* LaunchScreen.xib */,
				4EE615A61B37173B00B762B3 /* Supporting Files */,
			);
			path = "How Many Fingers";
			sourceTree = "<group>";
		};
		4EE615A61B37173B00B762B3 /* Supporting Files */ = {
			isa = PBXGroup;
			children = (
				4EE615A71B37173B00B762B3 /* Info.plist */,
			);
			name = "Supporting Files";
			sourceTree = "<group>";
		};
		4EE615BB1B37173B00B762B3 /* How Many FingersTests */ = {
			isa = PBXGroup;
			children = (
				4EE615BE1B37173B00B762B3 /* How_Many_FingersTests.swift */,
				4EE615BC1B37173B00B762B3 /* Supporting Files */,
			);
			path = "How Many FingersTests";
			sourceTree = "<group>";
		};
		4EE615BC1B37173B00B762B3 /* Supporting Files */ = {
			isa = PBXGroup;
			children = (
				4EE615BD1B37173B00B762B3 /* Info.plist */,
			);
			name = "Supporting Files";
			sourceTree = "<group>";
		};
/* End PBXGroup section */

/* Begin PBXNativeTarget section */
		4EE615A21B37173B00B762B3 /* How Many Fingers */ = {
			isa = PBXNativeTarget;
			buildConfigurationList = 4EE615C21B37173B00B762B3 /* Build configuration list for PBXNativeTarget "How Many Fingers" */;
			buildPhases = (
				4EE6159F1B37173B00B762B3 /* Sources */,
				4EE615A01B37173B00B762B3 /* Frameworks */,
				4EE615A11B37173B00B762B3 /* Resources */,
			);
			buildRules = (
			);
			dependencies = (
			);
			name = "How Many Fingers";
			productName = "How Many Fingers";
			productReference = 4EE615A31B37173B00B762B3 /* How Many Fingers.app */;
			productType = "com.apple.product-type.application";
		};
		4EE615B71B37173B00B762B3 /* How Many FingersTests */ = {
			isa = PBXNativeTarget;
			buildConfigurationList = 4EE615C51B37173B00B762B3 /* Build configuration list for PBXNativeTarget "How Many FingersTests" */;
			buildPhases = (
				4EE615B41B37173B00B762B3 /* Sources */,
				4EE615B51B37173B00B762B3 /* Frameworks */,
				4EE615B61B37173B00B762B3 /* Resources */,
			);
			buildRules = (
			);
			dependencies = (
				4EE615BA1B37173B00B762B3 /* PBXTargetDependency */,
			);
			name = "How Many FingersTests";
			productName = "How Many FingersTests";
			productReference = 4EE615B81B37173B00B762B3 /* How Many FingersTests.xctest */;
			productType = "com.apple.product-type.bundle.unit-test";
		};
/* End PBXNativeTarget section */

/* Begin PBXProject section */
		4EE6159B1B37173B00B762B3 /* Project object */ = {
			isa = PBXProject;
			attributes = {
				LastUpgradeCheck = 0630;
				ORGANIZATIONNAME = "Taige Zhang";
				TargetAttributes = {
					4EE615A21B37173B00B762B3 = {
						CreatedOnToolsVersion = 6.3.1;
					};
					4EE615B71B37173B00B762B3 = {
						CreatedOnToolsVersion = 6.3.1;
						TestTargetID = 4EE615A21B37173B00B762B3;
					};
				};
			};
			buildConfigurationList = 4EE6159E1B37173B00B762B3 /* Build configuration list for PBXProject "How Many Fingers" */;
			compatibilityVersion = "Xcode 3.2";
			developmentRegion = English;
			hasScannedForEncodings = 0;
			knownRegions = (
				en,
				Base,
			);
			mainGroup = 4EE6159A1B37173B00B762B3;
			productRefGroup = 4EE615A41B37173B00B762B3 /* Products */;
			projectDirPath = "";
			projectRoot = "";
			targets = (
				4EE615A21B37173B00B762B3 /* How Many Fingers */,
				4EE615B71B37173B00B762B3 /* How Many FingersTests */,
			);
		};
/* End PBXProject section */

/* Begin PBXResourcesBuildPhase section */
		4EE615A11B37173B00B762B3 /* Resources */ = {
			isa = PBXResourcesBuildPhase;
			buildActionMask = 2147483647;
			files = (
				4EE615AE1B37173B00B762B3 /* Main.storyboard in Resources */,
				4EE615B31B37173B00B762B3 /* LaunchScreen.xib in Resources */,
				4EE615B01B37173B00B762B3 /* Images.xcassets in Resources */,
			);
			runOnlyForDeploymentPostprocessing = 0;
		};
		4EE615B61B37173B00B762B3 /* Resources */ = {
			isa = PBXResourcesBuildPhase;
			buildActionMask = 2147483647;
			files = (
			);
			runOnlyForDeploymentPostprocessing = 0;
		};
/* End PBXResourcesBuildPhase section */

/* Begin PBXSourcesBuildPhase section */
		4EE6159F1B37173B00B762B3 /* Sources */ = {
			isa = PBXSourcesBuildPhase;
			buildActionMask = 2147483647;
			files = (
				4EE615AB1B37173B00B762B3 /* ViewController.swift in Sources */,
				4EE615A91B37173B00B762B3 /* AppDelegate.swift in Sources */,
			);
			runOnlyForDeploymentPostprocessing = 0;
		};
		4EE615B41B37173B00B762B3 /* Sources */ = {
			isa = PBXSourcesBuildPhase;
			buildActionMask = 2147483647;
			files = (
				4EE615BF1B37173B00B762B3 /* How_Many_FingersTests.swift in Sources */,
			);
			runOnlyForDeploymentPostprocessing = 0;
		};
/* End PBXSourcesBuildPhase section */

/* Begin PBXTargetDependency section */
		4EE615BA1B37173B00B762B3 /* PBXTargetDependency */ = {
			isa = PBXTargetDependency;
			target = 4EE615A21B37173B00B762B3 /* How Many Fingers */;
			targetProxy = 4EE615B91B37173B00B762B3 /* PBXContainerItemProxy */;
		};
/* End PBXTargetDependency section */

/* Begin PBXVariantGroup section */
		4EE615AC1B37173B00B762B3 /* Main.storyboard */ = {
			isa = PBXVariantGroup;
			children = (
				4EE615AD1B37173B00B762B3 /* Base */,
			);
			name = Main.storyboard;
			sourceTree = "<group>";
		};
		4EE615B11B37173B00B762B3 /* LaunchScreen.xib */ = {
			isa = PBXVariantGroup;
			children = (
				4EE615B21B37173B00B762B3 /* Base */,
			);
			name = LaunchScreen.xib;
			sourceTree = "<group>";
		};
/* End PBXVariantGroup section */

/* Begin XCBuildConfiguration section */
		4EE615C01B37173B00B762B3 /* Debug */ = {
			isa = XCBuildConfiguration;
			buildSettings = {
				ALWAYS_SEARCH_USER_PATHS = NO;
				CLANG_CXX_LANGUAGE_STANDARD = "gnu++0x";
				CLANG_CXX_LIBRARY = "libc++";
				CLANG_ENABLE_MODULES = YES;
				CLANG_ENABLE_OBJC_ARC = YES;
				CLANG_WARN_BOOL_CONVERSION = YES;
				CLANG_WARN_CONSTANT_CONVERSION = YES;
				CLANG_WARN_DIRECT_OBJC_ISA_USAGE = YES_ERROR;
				CLANG_WARN_EMPTY_BODY = YES;
				CLANG_WARN_ENUM_CONVERSION = YES;
				CLANG_WARN_INT_CONVERSION = YES;
				CLANG_WARN_OBJC_ROOT_CLASS = YES_ERROR;
				CLANG_WARN_UNREACHABLE_CODE = YES;
				CLANG_WARN__DUPLICATE_METHOD_MATCH = YES;
				"CODE_SIGN_IDENTITY[sdk=iphoneos*]" = "iPhone Developer";
				COPY_PHASE_STRIP = NO;
				DEBUG_INFORMATION_FORMAT = "dwarf-with-dsym";
				ENABLE_STRICT_OBJC_MSGSEND = YES;
				GCC_C_LANGUAGE_STANDARD = gnu99;
				GCC_DYNAMIC_NO_PIC = NO;
				GCC_NO_COMMON_BLOCKS = YES;
				GCC_OPTIMIZATION_LEVEL = 0;
				GCC_PREPROCESSOR_DEFINITIONS = (
					"DEBUG=1",
					"$(inherited)",
				);
				GCC_SYMBOLS_PRIVATE_EXTERN = NO;
				GCC_WARN_64_TO_32_BIT_CONVERSION = YES;
				GCC_WARN_ABOUT_RETURN_TYPE = YES_ERROR;
				GCC_WARN_UNDECLARED_SELECTOR = YES;
				GCC_WARN_UNINITIALIZED_AUTOS = YES_AGGRESSIVE;
				GCC_WARN_UNUSED_FUNCTION = YES;
				GCC_WARN_UNUSED_VARIABLE = YES;
				IPHONEOS_DEPLOYMENT_TARGET = 8.3;
				MTL_ENABLE_DEBUG_INFO = YES;
				ONLY_ACTIVE_ARCH = YES;
				SDKROOT = iphoneos;
				SWIFT_OPTIMIZATION_LEVEL = "-Onone";
				TARGETED_DEVICE_FAMILY = "1,2";
			};
			name = Debug;
		};
		4EE615C11B37173B00B762B3 /* Release */ = {
			isa = XCBuildConfiguration;
			buildSettings = {
				ALWAYS_SEARCH_USER_PATHS = NO;
				CLANG_CXX_LANGUAGE_STANDARD = "gnu++0x";
				CLANG_CXX_LIBRARY = "libc++";
				CLANG_ENABLE_MODULES = YES;
				CLANG_ENABLE_OBJC_ARC = YES;
				CLANG_WARN_BOOL_CONVERSION = YES;
				CLANG_WARN_CONSTANT_CONVERSION = YES;
				CLANG_WARN_DIRECT_OBJC_ISA_USAGE = YES_ERROR;
				CLANG_WARN_EMPTY_BODY = YES;
				CLANG_WARN_ENUM_CONVERSION = YES;
				CLANG_WARN_INT_CONVERSION = YES;
				CLANG_WARN_OBJC_ROOT_CLASS = YES_ERROR;
				CLANG_WARN_UNREACHABLE_CODE = YES;
				CLANG_WARN__DUPLICATE_METHOD_MATCH = YES;
				"CODE_SIGN_IDENTITY[sdk=iphoneos*]" = "iPhone Developer";
				COPY_PHASE_STRIP = NO;
				DEBUG_INFORMATION_FORMAT = "dwarf-with-dsym";
				ENABLE_NS_ASSERTIONS = NO;
				ENABLE_STRICT_OBJC_MSGSEND = YES;
				GCC_C_LANGUAGE_STANDARD = gnu99;
				GCC_NO_COMMON_BLOCKS = YES;
				GCC_WARN_64_TO_32_BIT_CONVERSION = YES;
				GCC_WARN_ABOUT_RETURN_TYPE = YES_ERROR;
				GCC_WARN_UNDECLARED_SELECTOR = YES;
				GCC_WARN_UNINITIALIZED_AUTOS = YES_AGGRESSIVE;
				GCC_WARN_UNUSED_FUNCTION = YES;
				GCC_WARN_UNUSED_VARIABLE = YES;
				IPHONEOS_DEPLOYMENT_TARGET = 8.3;
				MTL_ENABLE_DEBUG_INFO = NO;
				SDKROOT = iphoneos;
				TARGETED_DEVICE_FAMILY = "1,2";
				VALIDATE_PRODUCT = YES;
			};
			name = Release;
		};
		4EE615C31B37173B00B762B3 /* Debug */ = {
			isa = XCBuildConfiguration;
			buildSettings = {
				ASSETCATALOG_COMPILER_APPICON_NAME = AppIcon;
				INFOPLIST_FILE = "How Many Fingers/Info.plist";
				IPHONEOS_DEPLOYMENT_TARGET = 7.0;
				LD_RUNPATH_SEARCH_PATHS = "$(inherited) @executable_path/Frameworks";
				PRODUCT_NAME = "$(TARGET_NAME)";
			};
			name = Debug;
		};
		4EE615C41B37173B00B762B3 /* Release */ = {
			isa = XCBuildConfiguration;
			buildSettings = {
				ASSETCATALOG_COMPILER_APPICON_NAME = AppIcon;
				INFOPLIST_FILE = "How Many Fingers/Info.plist";
				IPHONEOS_DEPLOYMENT_TARGET = 7.0;
				LD_RUNPATH_SEARCH_PATHS = "$(inherited) @executable_path/Frameworks";
				PRODUCT_NAME = "$(TARGET_NAME)";
			};
			name = Release;
		};
		4EE615C61B37173B00B762B3 /* Debug */ = {
			isa = XCBuildConfiguration;
			buildSettings = {
				BUNDLE_LOADER = "$(TEST_HOST)";
				FRAMEWORK_SEARCH_PATHS = (
					"$(SDKROOT)/Developer/Library/Frameworks",
					"$(inherited)",
				);
				GCC_PREPROCESSOR_DEFINITIONS = (
					"DEBUG=1",
					"$(inherited)",
				);
				INFOPLIST_FILE = "How Many FingersTests/Info.plist";
				LD_RUNPATH_SEARCH_PATHS = "$(inherited) @executable_path/Frameworks @loader_path/Frameworks";
				PRODUCT_NAME = "$(TARGET_NAME)";
				TEST_HOST = "$(BUILT_PRODUCTS_DIR)/How Many Fingers.app/How Many Fingers";
			};
			name = Debug;
		};
		4EE615C71B37173B00B762B3 /* Release */ = {
			isa = XCBuildConfiguration;
			buildSettings = {
				BUNDLE_LOADER = "$(TEST_HOST)";
				FRAMEWORK_SEARCH_PATHS = (
					"$(SDKROOT)/Developer/Library/Frameworks",
					"$(inherited)",
				);
				INFOPLIST_FILE = "How Many FingersTests/Info.plist";
				LD_RUNPATH_SEARCH_PATHS = "$(inherited) @executable_path/Frameworks @loader_path/Frameworks";
				PRODUCT_NAME = "$(TARGET_NAME)";
				TEST_HOST = "$(BUILT_PRODUCTS_DIR)/How Many Fingers.app/How Many Fingers";
			};
			name = Release;
		};
/* End XCBuildConfiguration section */

/* Begin XCConfigurationList section */
		4EE6159E1B37173B00B762B3 /* Build configuration list for PBXProject "How Many Fingers" */ = {
			isa = XCConfigurationList;
			buildConfigurations = (
				4EE615C01B37173B00B762B3 /* Debug */,
				4EE615C11B37173B00B762B3 /* Release */,
			);
			defaultConfigurationIsVisible = 0;
			defaultConfigurationName = Release;
		};
		4EE615C21B37173B00B762B3 /* Build configuration list for PBXNativeTarget "How Many Fingers" */ = {
			isa = XCConfigurationList;
			buildConfigurations = (
				4EE615C31B37173B00B762B3 /* Debug */,
				4EE615C41B37173B00B762B3 /* Release */,
			);
			defaultConfigurationIsVisible = 0;
		};
		4EE615C51B37173B00B762B3 /* Build configuration list for PBXNativeTarget "How Many FingersTests" */ = {
			isa = XCConfigurationList;
			buildConfigurations = (
				4EE615C61B37173B00B762B3 /* Debug */,
				4EE615C71B37173B00B762B3 /* Release */,
			);
			defaultConfigurationIsVisible = 0;
		};
/* End XCConfigurationList section */
	};
	rootObject = 4EE6159B1B37173B00B762B3 /* Project object */;
}
